// !$*UTF8*$!
{
	archiveVersion = 1;
	classes = {
	};
	objectVersion = 50;
	objects = {

/* Begin PBXBuildFile section */
		20EED95820D83F17009BE6CF /* main.cpp in Sources */ = {isa = PBXBuildFile; fileRef = 20EED95720D83F17009BE6CF /* main.cpp */; };
/* End PBXBuildFile section */

/* Begin PBXCopyFilesBuildPhase section */
		20EED95220D83F17009BE6CF /* CopyFiles */ = {
			isa = PBXCopyFilesBuildPhase;
			buildActionMask = 2147483647;
			dstPath = /usr/share/man/man1/;
			dstSubfolderSpec = 0;
			files = (
			);
			runOnlyForDeploymentPostprocessing = 1;
		};
/* End PBXCopyFilesBuildPhase section */

/* Begin PBXFileReference section */
		2018E09F20D83F790045BD8A /* Point.hpp */ = {isa = PBXFileReference; lastKnownFileType = sourcecode.cpp.h; name = Point.hpp; path = /Users/westleykirkham/BoxSync/School/westleya/DataAnalytics/Homework4/Homework4/Point.hpp; sourceTree = "<absolute>"; };
		2018E0A020D83F7A0045BD8A /* KDTree.hpp */ = {isa = PBXFileReference; lastKnownFileType = sourcecode.cpp.h; name = KDTree.hpp; path = /Users/westleykirkham/BoxSync/School/westleya/DataAnalytics/Homework4/Homework4/KDTree.hpp; sourceTree = "<absolute>"; };
		2018E0A120D83F7A0045BD8A /* Generators.hpp */ = {isa = PBXFileReference; lastKnownFileType = sourcecode.cpp.h; name = Generators.hpp; path = /Users/westleykirkham/BoxSync/School/westleya/DataAnalytics/Homework4/Homework4/Generators.hpp; sourceTree = "<absolute>"; };
		2018E0A220D83F7A0045BD8A /* Stopwatch.hpp */ = {isa = PBXFileReference; lastKnownFileType = sourcecode.cpp.h; name = Stopwatch.hpp; path = /Users/westleykirkham/BoxSync/School/westleya/DataAnalytics/Homework4/Homework4/Stopwatch.hpp; sourceTree = "<absolute>"; };
		2018E0A320D83F7A0045BD8A /* BucketKNN.hpp */ = {isa = PBXFileReference; indentWidth = 2; lastKnownFileType = sourcecode.cpp.h; name = BucketKNN.hpp; path = /Users/westleykirkham/BoxSync/School/westleya/DataAnalytics/Homework4/Homework4/BucketKNN.hpp; sourceTree = "<absolute>"; tabWidth = 2; };
		2081C92420E6C473004E2104 /* QuadTree.hpp */ = {isa = PBXFileReference; lastKnownFileType = sourcecode.cpp.h; path = QuadTree.hpp; sourceTree = "<group>"; };
		20EED95420D83F17009BE6CF /* Homework4 */ = {isa = PBXFileReference; explicitFileType = "compiled.mach-o.executable"; includeInIndex = 0; path = Homework4; sourceTree = BUILT_PRODUCTS_DIR; };
		20EED95720D83F17009BE6CF /* main.cpp */ = {isa = PBXFileReference; indentWidth = 2; lastKnownFileType = sourcecode.cpp.cpp; path = main.cpp; sourceTree = "<group>"; tabWidth = 2; };
/* End PBXFileReference section */

/* Begin PBXFrameworksBuildPhase section */
		20EED95120D83F17009BE6CF /* Frameworks */ = {
			isa = PBXFrameworksBuildPhase;
			buildActionMask = 2147483647;
			files = (
			);
			runOnlyForDeploymentPostprocessing = 0;
		};
/* End PBXFrameworksBuildPhase section */

/* Begin PBXGroup section */
		20EED94B20D83F17009BE6CF = {
			isa = PBXGroup;
			children = (
				20EED95620D83F17009BE6CF /* Homework4 */,
				20EED95520D83F17009BE6CF /* Products */,
			);
			indentWidth = 2;
			sourceTree = "<group>";
			tabWidth = 2;
		};
		20EED95520D83F17009BE6CF /* Products */ = {
			isa = PBXGroup;
			children = (
				20EED95420D83F17009BE6CF /* Homework4 */,
			);
			name = Products;
			sourceTree = "<group>";
		};
		20EED95620D83F17009BE6CF /* Homework4 */ = {
			isa = PBXGroup;
			children = (
				2018E0A320D83F7A0045BD8A /* BucketKNN.hpp */,
				2018E0A120D83F7A0045BD8A /* Generators.hpp */,
				2018E0A020D83F7A0045BD8A /* KDTree.hpp */,
				2018E09F20D83F790045BD8A /* Point.hpp */,
				2018E0A220D83F7A0045BD8A /* Stopwatch.hpp */,
				20EED95720D83F17009BE6CF /* main.cpp */,
				2081C92420E6C473004E2104 /* QuadTree.hpp */,
			);
			path = Homework4;
			sourceTree = "<group>";
		};
/* End PBXGroup section */

/* Begin PBXNativeTarget section */
		20EED95320D83F17009BE6CF /* Homework4 */ = {
			isa = PBXNativeTarget;
			buildConfigurationList = 20EED95B20D83F17009BE6CF /* Build configuration list for PBXNativeTarget "Homework4" */;
			buildPhases = (
				20EED95020D83F17009BE6CF /* Sources */,
				20EED95120D83F17009BE6CF /* Frameworks */,
				20EED95220D83F17009BE6CF /* CopyFiles */,
			);
			buildRules = (
			);
			dependencies = (
			);
			name = Homework4;
			productName = Homework4;
			productReference = 20EED95420D83F17009BE6CF /* Homework4 */;
			productType = "com.apple.product-type.tool";
		};
/* End PBXNativeTarget section */

/* Begin PBXProject section */
		20EED94C20D83F17009BE6CF /* Project object */ = {
			isa = PBXProject;
			attributes = {
				LastUpgradeCheck = 0940;
				ORGANIZATIONNAME = "Westley Kirkham";
				TargetAttributes = {
					20EED95320D83F17009BE6CF = {
						CreatedOnToolsVersion = 9.4.1;
					};
				};
			};
			buildConfigurationList = 20EED94F20D83F17009BE6CF /* Build configuration list for PBXProject "Homework4" */;
			compatibilityVersion = "Xcode 9.3";
			developmentRegion = en;
			hasScannedForEncodings = 0;
			knownRegions = (
				en,
			);
			mainGroup = 20EED94B20D83F17009BE6CF;
			productRefGroup = 20EED95520D83F17009BE6CF /* Products */;
			projectDirPath = "";
			projectRoot = "";
			targets = (
				20EED95320D83F17009BE6CF /* Homework4 */,
			);
		};
/* End PBXProject section */

/* Begin PBXSourcesBuildPhase section */
		20EED95020D83F17009BE6CF /* Sources */ = {
			isa = PBXSourcesBuildPhase;
			buildActionMask = 2147483647;
			files = (
				20EED95820D83F17009BE6CF /* main.cpp in Sources */,
			);
			runOnlyForDeploymentPostprocessing = 0;
		};
/* End PBXSourcesBuildPhase section */

/* Begin XCBuildConfiguration section */
		20EED95920D83F17009BE6CF /* Debug */ = {
			isa = XCBuildConfiguration;
			buildSettings = {
				ALWAYS_SEARCH_USER_PATHS = NO;
				CLANG_ANALYZER_NONNULL = YES;
				CLANG_ANALYZER_NUMBER_OBJECT_CONVERSION = YES_AGGRESSIVE;
				CLANG_CXX_LANGUAGE_STANDARD = "gnu++14";
				CLANG_CXX_LIBRARY = "libc++";
				CLANG_ENABLE_MODULES = YES;
				CLANG_ENABLE_OBJC_ARC = YES;
				CLANG_ENABLE_OBJC_WEAK = YES;
				CLANG_WARN_BLOCK_CAPTURE_AUTORELEASING = YES;
				CLANG_WARN_BOOL_CONVERSION = YES;
				CLANG_WARN_COMMA = YES;
				CLANG_WARN_CONSTANT_CONVERSION = YES;
				CLANG_WARN_DEPRECATED_OBJC_IMPLEMENTATIONS = YES;
				CLANG_WARN_DIRECT_OBJC_ISA_USAGE = YES_ERROR;
				CLANG_WARN_DOCUMENTATION_COMMENTS = YES;
				CLANG_WARN_EMPTY_BODY = YES;
				CLANG_WARN_ENUM_CONVERSION = YES;
				CLANG_WARN_INFINITE_RECURSION = YES;
				CLANG_WARN_INT_CONVERSION = YES;
				CLANG_WARN_NON_LITERAL_NULL_CONVERSION = YES;
				CLANG_WARN_OBJC_IMPLICIT_RETAIN_SELF = YES;
				CLANG_WARN_OBJC_LITERAL_CONVERSION = YES;
				CLANG_WARN_OBJC_ROOT_CLASS = YES_ERROR;
				CLANG_WARN_RANGE_LOOP_ANALYSIS = YES;
				CLANG_WARN_STRICT_PROTOTYPES = YES;
				CLANG_WARN_SUSPICIOUS_MOVE = YES;
				CLANG_WARN_UNGUARDED_AVAILABILITY = YES_AGGRESSIVE;
				CLANG_WARN_UNREACHABLE_CODE = YES;
				CLANG_WARN__DUPLICATE_METHOD_MATCH = YES;
				CODE_SIGN_IDENTITY = "-";
				COPY_PHASE_STRIP = NO;
				DEBUG_INFORMATION_FORMAT = dwarf;
				ENABLE_STRICT_OBJC_MSGSEND = YES;
				ENABLE_TESTABILITY = YES;
				GCC_C_LANGUAGE_STANDARD = gnu11;
				GCC_DYNAMIC_NO_PIC = NO;
				GCC_NO_COMMON_BLOCKS = YES;
				GCC_OPTIMIZATION_LEVEL = 0;
				GCC_PREPROCESSOR_DEFINITIONS = (
					"DEBUG=1",
					"$(inherited)",
				);
				GCC_WARN_64_TO_32_BIT_CONVERSION = YES;
				GCC_WARN_ABOUT_RETURN_TYPE = YES_ERROR;
				GCC_WARN_UNDECLARED_SELECTOR = YES;
				GCC_WARN_UNINITIALIZED_AUTOS = YES_AGGRESSIVE;
				GCC_WARN_UNUSED_FUNCTION = YES;
				GCC_WARN_UNUSED_VARIABLE = YES;
				MACOSX_DEPLOYMENT_TARGET = 10.13;
				MTL_ENABLE_DEBUG_INFO = YES;
				ONLY_ACTIVE_ARCH = YES;
				SDKROOT = macosx;
			};
			name = Debug;
		};
		20EED95A20D83F17009BE6CF /* Release */ = {
			isa = XCBuildConfiguration;
			buildSettings = {
				ALWAYS_SEARCH_USER_PATHS = NO;
				CLANG_ANALYZER_NONNULL = YES;
				CLANG_ANALYZER_NUMBER_OBJECT_CONVERSION = YES_AGGRESSIVE;
				CLANG_CXX_LANGUAGE_STANDARD = "gnu++14";
				CLANG_CXX_LIBRARY = "libc++";
				CLANG_ENABLE_MODULES = YES;
				CLANG_ENABLE_OBJC_ARC = YES;
				CLANG_ENABLE_OBJC_WEAK = YES;
				CLANG_WARN_BLOCK_CAPTURE_AUTORELEASING = YES;
				CLANG_WARN_BOOL_CONVERSION = YES;
				CLANG_WARN_COMMA = YES;
				CLANG_WARN_CONSTANT_CONVERSION = YES;
				CLANG_WARN_DEPRECATED_OBJC_IMPLEMENTATIONS = YES;
				CLANG_WARN_DIRECT_OBJC_ISA_USAGE = YES_ERROR;
				CLANG_WARN_DOCUMENTATION_COMMENTS = YES;
				CLANG_WARN_EMPTY_BODY = YES;
				CLANG_WARN_ENUM_CONVERSION = YES;
				CLANG_WARN_INFINITE_RECURSION = YES;
				CLANG_WARN_INT_CONVERSION = YES;
				CLANG_WARN_NON_LITERAL_NULL_CONVERSION = YES;
				CLANG_WARN_OBJC_IMPLICIT_RETAIN_SELF = YES;
				CLANG_WARN_OBJC_LITERAL_CONVERSION = YES;
				CLANG_WARN_OBJC_ROOT_CLASS = YES_ERROR;
				CLANG_WARN_RANGE_LOOP_ANALYSIS = YES;
				CLANG_WARN_STRICT_PROTOTYPES = YES;
				CLANG_WARN_SUSPICIOUS_MOVE = YES;
				CLANG_WARN_UNGUARDED_AVAILABILITY = YES_AGGRESSIVE;
				CLANG_WARN_UNREACHABLE_CODE = YES;
				CLANG_WARN__DUPLICATE_METHOD_MATCH = YES;
				CODE_SIGN_IDENTITY = "-";
				COPY_PHASE_STRIP = NO;
				DEBUG_INFORMATION_FORMAT = "dwarf-with-dsym";
				ENABLE_NS_ASSERTIONS = NO;
				ENABLE_STRICT_OBJC_MSGSEND = YES;
				GCC_C_LANGUAGE_STANDARD = gnu11;
				GCC_NO_COMMON_BLOCKS = YES;
				GCC_WARN_64_TO_32_BIT_CONVERSION = YES;
				GCC_WARN_ABOUT_RETURN_TYPE = YES_ERROR;
				GCC_WARN_UNDECLARED_SELECTOR = YES;
				GCC_WARN_UNINITIALIZED_AUTOS = YES_AGGRESSIVE;
				GCC_WARN_UNUSED_FUNCTION = YES;
				GCC_WARN_UNUSED_VARIABLE = YES;
				MACOSX_DEPLOYMENT_TARGET = 10.13;
				MTL_ENABLE_DEBUG_INFO = NO;
				SDKROOT = macosx;
			};
			name = Release;
		};
		20EED95C20D83F17009BE6CF /* Debug */ = {
			isa = XCBuildConfiguration;
			buildSettings = {
				CLANG_CXX_LANGUAGE_STANDARD = "c++17";
				CODE_SIGN_STYLE = Automatic;
				PRODUCT_NAME = "$(TARGET_NAME)";
			};
			name = Debug;
		};
		20EED95D20D83F17009BE6CF /* Release */ = {
			isa = XCBuildConfiguration;
			buildSettings = {
				CLANG_CXX_LANGUAGE_STANDARD = "c++17";
				CODE_SIGN_STYLE = Automatic;
				PRODUCT_NAME = "$(TARGET_NAME)";
			};
			name = Release;
		};
/* End XCBuildConfiguration section */

/* Begin XCConfigurationList section */
		20EED94F20D83F17009BE6CF /* Build configuration list for PBXProject "Homework4" */ = {
			isa = XCConfigurationList;
			buildConfigurations = (
				20EED95920D83F17009BE6CF /* Debug */,
				20EED95A20D83F17009BE6CF /* Release */,
			);
			defaultConfigurationIsVisible = 0;
			defaultConfigurationName = Release;
		};
		20EED95B20D83F17009BE6CF /* Build configuration list for PBXNativeTarget "Homework4" */ = {
			isa = XCConfigurationList;
			buildConfigurations = (
				20EED95C20D83F17009BE6CF /* Debug */,
				20EED95D20D83F17009BE6CF /* Release */,
			);
			defaultConfigurationIsVisible = 0;
			defaultConfigurationName = Release;
		};
/* End XCConfigurationList section */
	};
	rootObject = 20EED94C20D83F17009BE6CF /* Project object */;
}
